
Microsoft Visual Studio Solution File, Format Version 12.00
# Visual Studio Version 17
VisualStudioVersion = 17.4.33110.190
MinimumVisualStudioVersion = 10.0.40219.1
Project("{9A19103F-16F7-4668-BE54-9A1E7A4F7556}") = "SetClappDemoApp.MVC", "SetClappDemoApp.MVC\SetClappDemoApp.MVC.csproj", "{3D635ECD-1681-4970-81F4-DD0D27809945}"
EndProject
Project("{9A19103F-16F7-4668-BE54-9A1E7A4F7556}") = "Service", "Service\Service.csproj", "{24D0F2FB-05F0-49CD-ADDE-42A16612D193}"
EndProject
Project("{9A19103F-16F7-4668-BE54-9A1E7A4F7556}") = "Core", "Core\Core.csproj", "{0D64B855-509B-414F-83B8-DF65F5880F26}"
EndProject
Project("{9A19103F-16F7-4668-BE54-9A1E7A4F7556}") = "DataAccess", "DataAccess\DataAccess.csproj", "{2E262239-FA61-4105-9C12-B9200E89D624}"
EndProject
Project("{9A19103F-16F7-4668-BE54-9A1E7A4F7556}") = "Operation", "Operation\Operation.csproj", "{B1D06CE9-6661-4AB3-9225-AD8437B1EB16}"
EndProject
Global
	GlobalSection(SolutionConfigurationPlatforms) = preSolution
		Debug|Any CPU = Debug|Any CPU
		Release|Any CPU = Release|Any CPU
	EndGlobalSection
	GlobalSection(ProjectConfigurationPlatforms) = postSolution
		{3D635ECD-1681-4970-81F4-DD0D27809945}.Debug|Any CPU.ActiveCfg = Debug|Any CPU
		{3D635ECD-1681-4970-81F4-DD0D27809945}.Debug|Any CPU.Build.0 = Debug|Any CPU
		{3D635ECD-1681-4970-81F4-DD0D27809945}.Release|Any CPU.ActiveCfg = Release|Any CPU
		{3D635ECD-1681-4970-81F4-DD0D27809945}.Release|Any CPU.Build.0 = Release|Any CPU
		{24D0F2FB-05F0-49CD-ADDE-42A16612D193}.Debug|Any CPU.ActiveCfg = Debug|Any CPU
		{24D0F2FB-05F0-49CD-ADDE-42A16612D193}.Debug|Any CPU.Build.0 = Debug|Any CPU
		{24D0F2FB-05F0-49CD-ADDE-42A16612D193}.Release|Any CPU.ActiveCfg = Release|Any CPU
		{24D0F2FB-05F0-49CD-ADDE-42A16612D193}.Release|Any CPU.Build.0 = Release|Any CPU
		{0D64B855-509B-414F-83B8-DF65F5880F26}.Debug|Any CPU.ActiveCfg = Debug|Any CPU
		{0D64B855-509B-414F-83B8-DF65F5880F26}.Debug|Any CPU.Build.0 = Debug|Any CPU
		{0D64B855-509B-414F-83B8-DF65F5880F26}.Release|Any CPU.ActiveCfg = Release|Any CPU
		{0D64B855-509B-414F-83B8-DF65F5880F26}.Release|Any CPU.Build.0 = Release|Any CPU
		{2E262239-FA61-4105-9C12-B9200E89D624}.Debug|Any CPU.ActiveCfg = Debug|Any CPU
		{2E262239-FA61-4105-9C12-B9200E89D624}.Debug|Any CPU.Build.0 = Debug|Any CPU
		{2E262239-FA61-4105-9C12-B9200E89D624}.Release|Any CPU.ActiveCfg = Release|Any CPU
		{2E262239-FA61-4105-9C12-B9200E89D624}.Release|Any CPU.Build.0 = Release|Any CPU
		{B1D06CE9-6661-4AB3-9225-AD8437B1EB16}.Debug|Any CPU.ActiveCfg = Debug|Any CPU
		{B1D06CE9-6661-4AB3-9225-AD8437B1EB16}.Debug|Any CPU.Build.0 = Debug|Any CPU
		{B1D06CE9-6661-4AB3-9225-AD8437B1EB16}.Release|Any CPU.ActiveCfg = Release|Any CPU
		{B1D06CE9-6661-4AB3-9225-AD8437B1EB16}.Release|Any CPU.Build.0 = Release|Any CPU
	EndGlobalSection
	GlobalSection(SolutionProperties) = preSolution
		HideSolutionNode = FALSE
	EndGlobalSection
	GlobalSection(ExtensibilityGlobals) = postSolution
		SolutionGuid = {19C49537-C0F6-4CD4-97AF-E108330A7669}
	EndGlobalSection
EndGlobal
